name: Export PR Lock

on:
  pull_request:

permissions:
  contents: read

jobs:
  export-lock:
    runs-on: ubuntu-latest
    steps:
      - uses: actions/checkout@v4
      - uses: dtolnay/rust-toolchain@1.88.0
      - name: Refresh dependency lock
        run: cargo generate-lockfile
      - name: Upload generated lockfile
        uses: actions/upload-artifact@v4
        with:
          name: generated-cargo-lock
          path: Cargo.lock
          if-no-files-found: error
